{
  "originHash" : "c7fc94cb640fa6ddf882b85f612ad0e783790406ce111b452fbe45a59883d25c",
  "pins" : [
    {
      "identity" : "swiftapriltag",
      "kind" : "remoteSourceControl",
      "location" : "https://github.com/keyqcloud/SwiftAprilTag.git",
      "state" : {
        "branch" : "main",
        "revision" : "038cb9026711ddba05b71c16b32eb364bcfa6ef9"
      }
    }
  ],
  "version" : 3
}
