{
  "originHash" : "8f7609f4fee06ba083c7da7f496ea67588d8a7ea83be6c077e676fb0abf6cdd4",
  "pins" : [
    {
      "identity" : "pingx",
      "kind" : "remoteSourceControl",
      "location" : "https://github.com/shineRR/pingx",
      "state" : {
        "revision" : "3fd8211bde0ce53e33ae9c27f8807a379ba78d21",
        "version" : "1.1.0"
      }
    },
    {
      "identity" : "swiftapriltag",
      "kind" : "remoteSourceControl",
      "location" : "https://github.com/keyqcloud/SwiftAprilTag",
      "state" : {
        "branch" : "main",
        "revision" : "038cb9026711ddba05b71c16b32eb364bcfa6ef9"
      }
    },
    {
      "identity" : "swiftuijoystick",
      "kind" : "remoteSourceControl",
      "location" : "https://github.com/michael94ellis/SwiftUIJoystick",
      "state" : {
        "revision" : "5bd303cdafb369a70a45c902538b42dd3c5f4d65",
        "version" : "1.5.0"
      }
    }
  ],
  "version" : 3
}
