{
  "originHash" : "13717d6ab333748691b81446de11c6650dd59a8be45b6aeb34f8ffe9e1a7ad12",
  "pins" : [
    {
      "identity" : "swiftapriltag",
      "kind" : "remoteSourceControl",
      "location" : "https://github.com/keyqcloud/SwiftAprilTag",
      "state" : {
        "branch" : "main",
        "revision" : "038cb9026711ddba05b71c16b32eb364bcfa6ef9"
      }
    },
    {
      "identity" : "swiftuijoystick",
      "kind" : "remoteSourceControl",
      "location" : "https://github.com/michael94ellis/SwiftUIJoystick",
      "state" : {
        "revision" : "5bd303cdafb369a70a45c902538b42dd3c5f4d65",
        "version" : "1.5.0"
      }
    }
  ],
  "version" : 3
}
